
Microsoft Visual Studio Solution File, Format Version 12.00
# Visual Studio Version 17
VisualStudioVersion = 17.0.32014.148
MinimumVisualStudioVersion = 10.0.40219.1
Project("{FAE04EC0-301F-11D3-BF4B-00C04F79EFBC}") = "MVVM1", "MVVM1\MVVM1.csproj", "{290625AA-87CB-4731-85E9-3D09DFA53A32}"
EndProject
Global
	GlobalSection(SolutionConfigurationPlatforms) = preSolution
		Debug|Any CPU = Debug|Any CPU
		Release|Any CPU = Release|Any CPU
	EndGlobalSection
	GlobalSection(ProjectConfigurationPlatforms) = postSolution
		{290625AA-87CB-4731-85E9-3D09DFA53A32}.Debug|Any CPU.ActiveCfg = Debug|Any CPU
		{290625AA-87CB-4731-85E9-3D09DFA53A32}.Debug|Any CPU.Build.0 = Debug|Any CPU
		{290625AA-87CB-4731-85E9-3D09DFA53A32}.Release|Any CPU.ActiveCfg = Release|Any CPU
		{290625AA-87CB-4731-85E9-3D09DFA53A32}.Release|Any CPU.Build.0 = Release|Any CPU
	EndGlobalSection
	GlobalSection(SolutionProperties) = preSolution
		HideSolutionNode = FALSE
	EndGlobalSection
	GlobalSection(ExtensibilityGlobals) = postSolution
		SolutionGuid = {A8520CCB-AEA8-4D89-8509-8920EC1E9D84}
	EndGlobalSection
EndGlobal
